
Microsoft Visual Studio Solution File, Format Version 12.00
# Visual Studio Version 17
VisualStudioVersion = 17.13.35913.81
MinimumVisualStudioVersion = 10.0.40219.1
Project("{FAE04EC0-301F-11D3-BF4B-00C04F79EFBC}") = "CSharpFundas", "CSharpFundas\CSharpFundas.csproj", "{77EFC167-3E90-45FA-AE9D-8D9BD61D9314}"
EndProject
Project("{FAE04EC0-301F-11D3-BF4B-00C04F79EFBC}") = "Selenium Learning", "Selenium Learning\Selenium Learning.csproj", "{8299ED2E-F365-4ABD-AFCA-42512756CC2E}"
EndProject
Project("{FAE04EC0-301F-11D3-BF4B-00C04F79EFBC}") = "CSharpSelFramework", "CSharpSelFramework\CSharpSelFramework.csproj", "{37A18B15-3EEB-4CA0-9CA7-4A9B6ABDE9F6}"
EndProject
Global
	GlobalSection(SolutionConfigurationPlatforms) = preSolution
		Debug|Any CPU = Debug|Any CPU
		Release|Any CPU = Release|Any CPU
	EndGlobalSection
	GlobalSection(ProjectConfigurationPlatforms) = postSolution
		{77EFC167-3E90-45FA-AE9D-8D9BD61D9314}.Debug|Any CPU.ActiveCfg = Debug|Any CPU
		{77EFC167-3E90-45FA-AE9D-8D9BD61D9314}.Debug|Any CPU.Build.0 = Debug|Any CPU
		{77EFC167-3E90-45FA-AE9D-8D9BD61D9314}.Release|Any CPU.ActiveCfg = Release|Any CPU
		{77EFC167-3E90-45FA-AE9D-8D9BD61D9314}.Release|Any CPU.Build.0 = Release|Any CPU
		{8299ED2E-F365-4ABD-AFCA-42512756CC2E}.Debug|Any CPU.ActiveCfg = Debug|Any CPU
		{8299ED2E-F365-4ABD-AFCA-42512756CC2E}.Debug|Any CPU.Build.0 = Debug|Any CPU
		{8299ED2E-F365-4ABD-AFCA-42512756CC2E}.Release|Any CPU.ActiveCfg = Release|Any CPU
		{8299ED2E-F365-4ABD-AFCA-42512756CC2E}.Release|Any CPU.Build.0 = Release|Any CPU
		{37A18B15-3EEB-4CA0-9CA7-4A9B6ABDE9F6}.Debug|Any CPU.ActiveCfg = Debug|Any CPU
		{37A18B15-3EEB-4CA0-9CA7-4A9B6ABDE9F6}.Debug|Any CPU.Build.0 = Debug|Any CPU
		{37A18B15-3EEB-4CA0-9CA7-4A9B6ABDE9F6}.Release|Any CPU.ActiveCfg = Release|Any CPU
		{37A18B15-3EEB-4CA0-9CA7-4A9B6ABDE9F6}.Release|Any CPU.Build.0 = Release|Any CPU
	EndGlobalSection
	GlobalSection(SolutionProperties) = preSolution
		HideSolutionNode = FALSE
	EndGlobalSection
	GlobalSection(ExtensibilityGlobals) = postSolution
		SolutionGuid = {34D7896A-125E-4697-AAED-AB18D5A5FB6F}
	EndGlobalSection
EndGlobal
